<Solution>
  <Folder Name="/Core/">
    <File Path="MusicPlaylist/Program.cs" />
    <File Path="MusicPlaylist/SongAddedEventArgs.cs" />
  </Folder>
  <Folder Name="/Notifications/">
    <File Path="MusicPlaylist/EmailNotificationService.cs" />
    <File Path="MusicPlaylist/INotificationService.cs" />
    <File Path="MusicPlaylist/SmsNotificationService.cs" />
  </Folder>
  <Project Path="MusicPlaylist/MusicPlaylist.csproj" />
</Solution>
